
Microsoft Visual Studio Solution File, Format Version 12.00
# Visual Studio Version 17
VisualStudioVersion = 17.0.31912.275
MinimumVisualStudioVersion = 10.0.40219.1
Project("{9A19103F-16F7-4668-BE54-9A1E7A4F7556}") = "LnskyDB", "src\LnskyDB\LnskyDB.csproj", "{ED1219EB-BDE1-417D-9EAB-E8E361E14E96}"
EndProject
Project("{9A19103F-16F7-4668-BE54-9A1E7A4F7556}") = "LnskyDB.Demo", "src\LnskyDB.Demo\LnskyDB.Demo.csproj", "{287977ED-CFD3-4987-B057-B34D92A08D9C}"
EndProject
Project("{9A19103F-16F7-4668-BE54-9A1E7A4F7556}") = "LnskyDB.MsSql", "src\LnskyDB.MsSql\LnskyDB.MsSql.csproj", "{1DBDBAD5-D4FB-4D68-B6ED-9231809659E3}"
EndProject
Project("{9A19103F-16F7-4668-BE54-9A1E7A4F7556}") = "LnskyDB.MySql", "src\LnskyDB.MySql\LnskyDB.MySql.csproj", "{6790DD8B-D196-498F-8D8B-53822BE075C8}"
EndProject
Project("{9A19103F-16F7-4668-BE54-9A1E7A4F7556}") = "LnskyDB.Test", "src\LnskyDB.Test\LnskyDB.Test.csproj", "{2E4DD5AD-4C5C-40DD-9717-369CA682B360}"
EndProject
Global
	GlobalSection(SolutionConfigurationPlatforms) = preSolution
		Debug|Any CPU = Debug|Any CPU
		Release|Any CPU = Release|Any CPU
	EndGlobalSection
	GlobalSection(ProjectConfigurationPlatforms) = postSolution
		{ED1219EB-BDE1-417D-9EAB-E8E361E14E96}.Debug|Any CPU.ActiveCfg = Debug|Any CPU
		{ED1219EB-BDE1-417D-9EAB-E8E361E14E96}.Debug|Any CPU.Build.0 = Debug|Any CPU
		{ED1219EB-BDE1-417D-9EAB-E8E361E14E96}.Release|Any CPU.ActiveCfg = Release|Any CPU
		{ED1219EB-BDE1-417D-9EAB-E8E361E14E96}.Release|Any CPU.Build.0 = Release|Any CPU
		{287977ED-CFD3-4987-B057-B34D92A08D9C}.Debug|Any CPU.ActiveCfg = Debug|Any CPU
		{287977ED-CFD3-4987-B057-B34D92A08D9C}.Debug|Any CPU.Build.0 = Debug|Any CPU
		{287977ED-CFD3-4987-B057-B34D92A08D9C}.Release|Any CPU.ActiveCfg = Release|Any CPU
		{287977ED-CFD3-4987-B057-B34D92A08D9C}.Release|Any CPU.Build.0 = Release|Any CPU
		{1DBDBAD5-D4FB-4D68-B6ED-9231809659E3}.Debug|Any CPU.ActiveCfg = Debug|Any CPU
		{1DBDBAD5-D4FB-4D68-B6ED-9231809659E3}.Debug|Any CPU.Build.0 = Debug|Any CPU
		{1DBDBAD5-D4FB-4D68-B6ED-9231809659E3}.Release|Any CPU.ActiveCfg = Release|Any CPU
		{1DBDBAD5-D4FB-4D68-B6ED-9231809659E3}.Release|Any CPU.Build.0 = Release|Any CPU
		{6790DD8B-D196-498F-8D8B-53822BE075C8}.Debug|Any CPU.ActiveCfg = Debug|Any CPU
		{6790DD8B-D196-498F-8D8B-53822BE075C8}.Debug|Any CPU.Build.0 = Debug|Any CPU
		{6790DD8B-D196-498F-8D8B-53822BE075C8}.Release|Any CPU.ActiveCfg = Release|Any CPU
		{6790DD8B-D196-498F-8D8B-53822BE075C8}.Release|Any CPU.Build.0 = Release|Any CPU
		{2E4DD5AD-4C5C-40DD-9717-369CA682B360}.Debug|Any CPU.ActiveCfg = Debug|Any CPU
		{2E4DD5AD-4C5C-40DD-9717-369CA682B360}.Debug|Any CPU.Build.0 = Debug|Any CPU
		{2E4DD5AD-4C5C-40DD-9717-369CA682B360}.Release|Any CPU.ActiveCfg = Release|Any CPU
		{2E4DD5AD-4C5C-40DD-9717-369CA682B360}.Release|Any CPU.Build.0 = Release|Any CPU
	EndGlobalSection
	GlobalSection(SolutionProperties) = preSolution
		HideSolutionNode = FALSE
	EndGlobalSection
	GlobalSection(ExtensibilityGlobals) = postSolution
		SolutionGuid = {DF5B560E-2E19-4B88-9EB6-F0C386BFC24C}
	EndGlobalSection
EndGlobal
